
Microsoft Visual Studio Solution File, Format Version 12.00
# Visual Studio Version 17
VisualStudioVersion = 17.2.32526.322
MinimumVisualStudioVersion = 10.0.40219.1
Project("{FAE04EC0-301F-11D3-BF4B-00C04F79EFBC}") = "LeaveAppConsole", "LeaveAppConsole\LeaveAppConsole.csproj", "{28BAC2A9-EC29-43DF-B1A0-8D6FD250B312}"
EndProject
Global
	GlobalSection(SolutionConfigurationPlatforms) = preSolution
		Debug|Any CPU = Debug|Any CPU
		Release|Any CPU = Release|Any CPU
	EndGlobalSection
	GlobalSection(ProjectConfigurationPlatforms) = postSolution
		{28BAC2A9-EC29-43DF-B1A0-8D6FD250B312}.Debug|Any CPU.ActiveCfg = Debug|Any CPU
		{28BAC2A9-EC29-43DF-B1A0-8D6FD250B312}.Debug|Any CPU.Build.0 = Debug|Any CPU
		{28BAC2A9-EC29-43DF-B1A0-8D6FD250B312}.Release|Any CPU.ActiveCfg = Release|Any CPU
		{28BAC2A9-EC29-43DF-B1A0-8D6FD250B312}.Release|Any CPU.Build.0 = Release|Any CPU
	EndGlobalSection
	GlobalSection(SolutionProperties) = preSolution
		HideSolutionNode = FALSE
	EndGlobalSection
	GlobalSection(ExtensibilityGlobals) = postSolution
		SolutionGuid = {EDECB874-9334-45A4-A177-13EEDC25775F}
	EndGlobalSection
EndGlobal
